
Microsoft Visual Studio Solution File, Format Version 12.00
# Visual Studio Version 17
VisualStudioVersion = 17.8.34511.84
MinimumVisualStudioVersion = 10.0.40219.1
Project("{FAE04EC0-301F-11D3-BF4B-00C04F79EFBC}") = "MiTFG", "MiTFG\MiTFG.csproj", "{C95FD0F8-856F-4633-880C-42C29E926505}"
EndProject
Project("{54435603-DBB4-11D2-8724-00A0C9A8B90C}") = "ClassAssist_App_Installer", "ClassAssist_App_Installer\ClassAssist_App_Installer.vdproj", "{0DFB543A-0CB2-4D03-B247-01F99824EA8B}"
EndProject
Global
	GlobalSection(SolutionConfigurationPlatforms) = preSolution
		Debug|Any CPU = Debug|Any CPU
		Release|Any CPU = Release|Any CPU
	EndGlobalSection
	GlobalSection(ProjectConfigurationPlatforms) = postSolution
		{C95FD0F8-856F-4633-880C-42C29E926505}.Debug|Any CPU.ActiveCfg = Debug|Any CPU
		{C95FD0F8-856F-4633-880C-42C29E926505}.Debug|Any CPU.Build.0 = Debug|Any CPU
		{C95FD0F8-856F-4633-880C-42C29E926505}.Release|Any CPU.ActiveCfg = Release|Any CPU
		{C95FD0F8-856F-4633-880C-42C29E926505}.Release|Any CPU.Build.0 = Release|Any CPU
		{0DFB543A-0CB2-4D03-B247-01F99824EA8B}.Debug|Any CPU.ActiveCfg = Debug
		{0DFB543A-0CB2-4D03-B247-01F99824EA8B}.Release|Any CPU.ActiveCfg = Release
	EndGlobalSection
	GlobalSection(SolutionProperties) = preSolution
		HideSolutionNode = FALSE
	EndGlobalSection
	GlobalSection(ExtensibilityGlobals) = postSolution
		SolutionGuid = {90932505-ABED-40FD-AE0F-3E7DFE0C6E55}
	EndGlobalSection
EndGlobal
